PATH
  remote: .
  specs:
    payrent_client_socket (0.3.4)
      httparty
      oj
      rake
      rspec

GEM
  remote: https://rubygems.org/
  specs:
    coderay (1.1.3)
    diff-lcs (1.5.0)
    httparty (0.21.0)
      mini_mime (>= 1.0.0)
      multi_xml (>= 0.5.2)
    method_source (1.0.0)
    mini_mime (1.1.5)
    multi_xml (0.6.0)
    oj (3.16.1)
    pry (0.14.2)
      coderay (~> 1.1)
      method_source (~> 1.0)
    rake (13.0.6)
    rspec (3.12.0)
      rspec-core (~> 3.12.0)
      rspec-expectations (~> 3.12.0)
      rspec-mocks (~> 3.12.0)
    rspec-core (3.12.2)
      rspec-support (~> 3.12.0)
    rspec-expectations (3.12.3)
      diff-lcs (>= 1.2.0, < 2.0)
      rspec-support (~> 3.12.0)
    rspec-mocks (3.12.6)
      diff-lcs (>= 1.2.0, < 2.0)
      rspec-support (~> 3.12.0)
    rspec-support (3.12.1)
    rspec_junit_formatter (0.6.0)
      rspec-core (>= 2, < 4, != 2.12.0)

PLATFORMS
  x86_64-linux

DEPENDENCIES
  httparty
  oj
  payrent_client_socket!
  pry
  rake (~> 13.0)
  rspec
  rspec_junit_formatter

BUNDLED WITH
   2.4.22
